
Microsoft Visual Studio Solution File, Format Version 12.00
# Visual Studio Version 17
VisualStudioVersion = 17.0.31912.275
MinimumVisualStudioVersion = 10.0.40219.1
Project("{2150E333-8FDC-42A3-9474-1A3956D46DE8}") = "src", "src", "{5C867785-181D-45F2-8A57-06B467B53944}"
EndProject
Project("{2150E333-8FDC-42A3-9474-1A3956D46DE8}") = "Solution Items", "Solution Items", "{5DB78FD9-DA8A-4690-9645-1C301AD7448D}"
	ProjectSection(SolutionItems) = preProject
		nuget.config = nuget.config
	EndProjectSection
EndProject
Project("{2150E333-8FDC-42A3-9474-1A3956D46DE8}") = "test", "test", "{AABA45D1-D9EF-4462-8475-01A3F7521897}"
EndProject
Project("{9A19103F-16F7-4668-BE54-9A1E7A4F7556}") = "BF2WebAdmin.Common", "src\BF2WebAdmin.Common\BF2WebAdmin.Common.csproj", "{4BACDB85-82C9-4E5F-B112-B031CD95B30C}"
EndProject
Project("{9A19103F-16F7-4668-BE54-9A1E7A4F7556}") = "BF2WebAdmin.Data", "src\BF2WebAdmin.Data\BF2WebAdmin.Data.csproj", "{1013BDC9-B219-49BD-BE31-86DBE464A53B}"
EndProject
Project("{9A19103F-16F7-4668-BE54-9A1E7A4F7556}") = "BF2WebAdmin.Server", "src\BF2WebAdmin.Server\BF2WebAdmin.Server.csproj", "{EACE38E4-634F-43AD-9F02-CB8C9773F069}"
EndProject
Project("{9A19103F-16F7-4668-BE54-9A1E7A4F7556}") = "BF2WebAdmin.Tests", "test\BF2WebAdmin.Tests\BF2WebAdmin.Tests.csproj", "{953E99A7-CA1E-4752-A6B6-E232C78BCD32}"
EndProject
Project("{9A19103F-16F7-4668-BE54-9A1E7A4F7556}") = "BF2WebAdmin.Shared", "src\BF2WebAdmin.Shared\BF2WebAdmin.Shared.csproj", "{A2E778AF-A7B8-4BAC-B802-1E86E10AEAFB}"
EndProject
Project("{9A19103F-16F7-4668-BE54-9A1E7A4F7556}") = "BF2WebAdmin.Blazor", "src\BF2WebAdmin.Blazor\BF2WebAdmin.Blazor.csproj", "{D367FD8B-225B-4943-BC59-A4BE21EADF07}"
EndProject
Global
	GlobalSection(SolutionConfigurationPlatforms) = preSolution
		Debug|Any CPU = Debug|Any CPU
		Release|Any CPU = Release|Any CPU
	EndGlobalSection
	GlobalSection(ProjectConfigurationPlatforms) = postSolution
		{4BACDB85-82C9-4E5F-B112-B031CD95B30C}.Debug|Any CPU.ActiveCfg = Debug|Any CPU
		{4BACDB85-82C9-4E5F-B112-B031CD95B30C}.Debug|Any CPU.Build.0 = Debug|Any CPU
		{4BACDB85-82C9-4E5F-B112-B031CD95B30C}.Debug|Any CPU.Deploy.0 = Debug|Any CPU
		{4BACDB85-82C9-4E5F-B112-B031CD95B30C}.Release|Any CPU.ActiveCfg = Release|Any CPU
		{4BACDB85-82C9-4E5F-B112-B031CD95B30C}.Release|Any CPU.Build.0 = Release|Any CPU
		{1013BDC9-B219-49BD-BE31-86DBE464A53B}.Debug|Any CPU.ActiveCfg = Debug|Any CPU
		{1013BDC9-B219-49BD-BE31-86DBE464A53B}.Debug|Any CPU.Build.0 = Debug|Any CPU
		{1013BDC9-B219-49BD-BE31-86DBE464A53B}.Release|Any CPU.ActiveCfg = Release|Any CPU
		{1013BDC9-B219-49BD-BE31-86DBE464A53B}.Release|Any CPU.Build.0 = Release|Any CPU
		{EACE38E4-634F-43AD-9F02-CB8C9773F069}.Debug|Any CPU.ActiveCfg = Debug|Any CPU
		{EACE38E4-634F-43AD-9F02-CB8C9773F069}.Debug|Any CPU.Build.0 = Debug|Any CPU
		{EACE38E4-634F-43AD-9F02-CB8C9773F069}.Release|Any CPU.ActiveCfg = Release|Any CPU
		{EACE38E4-634F-43AD-9F02-CB8C9773F069}.Release|Any CPU.Build.0 = Release|Any CPU
		{953E99A7-CA1E-4752-A6B6-E232C78BCD32}.Debug|Any CPU.ActiveCfg = Debug|Any CPU
		{953E99A7-CA1E-4752-A6B6-E232C78BCD32}.Debug|Any CPU.Build.0 = Debug|Any CPU
		{953E99A7-CA1E-4752-A6B6-E232C78BCD32}.Release|Any CPU.ActiveCfg = Release|Any CPU
		{953E99A7-CA1E-4752-A6B6-E232C78BCD32}.Release|Any CPU.Build.0 = Release|Any CPU
		{A2E778AF-A7B8-4BAC-B802-1E86E10AEAFB}.Debug|Any CPU.ActiveCfg = Debug|Any CPU
		{A2E778AF-A7B8-4BAC-B802-1E86E10AEAFB}.Debug|Any CPU.Build.0 = Debug|Any CPU
		{A2E778AF-A7B8-4BAC-B802-1E86E10AEAFB}.Release|Any CPU.ActiveCfg = Release|Any CPU
		{A2E778AF-A7B8-4BAC-B802-1E86E10AEAFB}.Release|Any CPU.Build.0 = Release|Any CPU
		{D367FD8B-225B-4943-BC59-A4BE21EADF07}.Debug|Any CPU.ActiveCfg = Debug|Any CPU
		{D367FD8B-225B-4943-BC59-A4BE21EADF07}.Debug|Any CPU.Build.0 = Debug|Any CPU
		{D367FD8B-225B-4943-BC59-A4BE21EADF07}.Release|Any CPU.ActiveCfg = Release|Any CPU
		{D367FD8B-225B-4943-BC59-A4BE21EADF07}.Release|Any CPU.Build.0 = Release|Any CPU
	EndGlobalSection
	GlobalSection(SolutionProperties) = preSolution
		HideSolutionNode = FALSE
	EndGlobalSection
	GlobalSection(NestedProjects) = preSolution
		{4BACDB85-82C9-4E5F-B112-B031CD95B30C} = {5C867785-181D-45F2-8A57-06B467B53944}
		{1013BDC9-B219-49BD-BE31-86DBE464A53B} = {5C867785-181D-45F2-8A57-06B467B53944}
		{EACE38E4-634F-43AD-9F02-CB8C9773F069} = {5C867785-181D-45F2-8A57-06B467B53944}
		{953E99A7-CA1E-4752-A6B6-E232C78BCD32} = {AABA45D1-D9EF-4462-8475-01A3F7521897}
		{A2E778AF-A7B8-4BAC-B802-1E86E10AEAFB} = {5C867785-181D-45F2-8A57-06B467B53944}
		{D367FD8B-225B-4943-BC59-A4BE21EADF07} = {5C867785-181D-45F2-8A57-06B467B53944}
	EndGlobalSection
	GlobalSection(ExtensibilityGlobals) = postSolution
		SolutionGuid = {FC72050A-8AE6-47B6-9321-F6B7538CE6BA}
	EndGlobalSection
EndGlobal
